
Microsoft Visual Studio Solution File, Format Version 12.00
# Visual Studio Version 17
VisualStudioVersion = 17.6.33829.357
MinimumVisualStudioVersion = 10.0.40219.1
Project("{FAE04EC0-301F-11D3-BF4B-00C04F79EFBC}") = "Квалификационный Экзамен", "Квалификационный Экзамен.csproj", "{7F63812A-3FFC-454D-A4A8-A78823F4379C}"
EndProject
Global
	GlobalSection(SolutionConfigurationPlatforms) = preSolution
		Debug|Any CPU = Debug|Any CPU
		Release|Any CPU = Release|Any CPU
	EndGlobalSection
	GlobalSection(ProjectConfigurationPlatforms) = postSolution
		{7F63812A-3FFC-454D-A4A8-A78823F4379C}.Debug|Any CPU.ActiveCfg = Debug|Any CPU
		{7F63812A-3FFC-454D-A4A8-A78823F4379C}.Debug|Any CPU.Build.0 = Debug|Any CPU
		{7F63812A-3FFC-454D-A4A8-A78823F4379C}.Release|Any CPU.ActiveCfg = Release|Any CPU
		{7F63812A-3FFC-454D-A4A8-A78823F4379C}.Release|Any CPU.Build.0 = Release|Any CPU
	EndGlobalSection
	GlobalSection(SolutionProperties) = preSolution
		HideSolutionNode = FALSE
	EndGlobalSection
	GlobalSection(ExtensibilityGlobals) = postSolution
		SolutionGuid = {8757622F-8CED-483F-9BBB-E66116FB368C}
	EndGlobalSection
EndGlobal
